
Microsoft Visual Studio Solution File, Format Version 9.00
# Visual Studio 2005
Project("{8BC9CEB8-8B4A-11D0-8D11-00A0C91BC942}") = "Pickers", "Pickers\Pickers.vcproj", "{ADB33AF1-6026-4C20-BE16-7AF54F7B998F}"
EndProject
Project("{8BC9CEB8-8B4A-11D0-8D11-00A0C91BC942}") = "Stuff", "Stuff\Stuff.vcproj", "{AFE92276-A736-4ECA-BCB4-36988689CF5E}"
EndProject
Project("{8BC9CEB8-8B4A-11D0-8D11-00A0C91BC942}") = "Uniquer", "Uniquer\Uniquer.vcproj", "{A7DA75F4-8A91-4ED1-976F-BE0FBEC764B7}"
EndProject
Project("{8BC9CEB8-8B4A-11D0-8D11-00A0C91BC942}") = "WCDesknote", "WCDesknote\WCDesknote.vcproj", "{297A4E7D-58E8-4557-91AB-0E888B6CBC1A}"
EndProject
Project("{8BC9CEB8-8B4A-11D0-8D11-00A0C91BC942}") = "WCEnliver", "WCEnliver\WCEnliver.vcproj", "{3AE72B11-ED29-4282-BE17-591C51ADBD0F}"
EndProject
Project("{8BC9CEB8-8B4A-11D0-8D11-00A0C91BC942}") = "WCRemind", "WCRemind\WCRemind.vcproj", "{71B2BA10-4577-470B-8073-EF7AB334A6B5}"
EndProject
Project("{8BC9CEB8-8B4A-11D0-8D11-00A0C91BC942}") = "WCSaver", "WCSaver\WCSaver.vcproj", "{682D1FF7-4F5B-4C8D-B768-BAF3C2D7FE42}"
EndProject
Project("{8BC9CEB8-8B4A-11D0-8D11-00A0C91BC942}") = "WebBrowserDlg", "WCHtmlViewer\WebBrowserDlg.vcproj", "{84204F51-40E5-42E4-BEAD-2B4841600B9A}"
EndProject
Project("{8BC9CEB8-8B4A-11D0-8D11-00A0C91BC942}") = "WireChanger", "WireChanger.vcproj", "{4EE4DA86-AC41-4E69-A7FB-E878F7EAE202}"
	ProjectSection(ProjectDependencies) = postProject
		{297A4E7D-58E8-4557-91AB-0E888B6CBC1A} = {297A4E7D-58E8-4557-91AB-0E888B6CBC1A}
		{D22D1363-CA70-4CEB-A993-B794363249B6} = {D22D1363-CA70-4CEB-A993-B794363249B6}
		{ADB33AF1-6026-4C20-BE16-7AF54F7B998F} = {ADB33AF1-6026-4C20-BE16-7AF54F7B998F}
		{A7DA75F4-8A91-4ED1-976F-BE0FBEC764B7} = {A7DA75F4-8A91-4ED1-976F-BE0FBEC764B7}
		{682D1FF7-4F5B-4C8D-B768-BAF3C2D7FE42} = {682D1FF7-4F5B-4C8D-B768-BAF3C2D7FE42}
		{71B2BA10-4577-470B-8073-EF7AB334A6B5} = {71B2BA10-4577-470B-8073-EF7AB334A6B5}
		{3FFCCA9E-31C2-4FAB-A642-C7CB83A12178} = {3FFCCA9E-31C2-4FAB-A642-C7CB83A12178}
		{84204F51-40E5-42E4-BEAD-2B4841600B9A} = {84204F51-40E5-42E4-BEAD-2B4841600B9A}
	EndProjectSection
EndProject
Project("{8BC9CEB8-8B4A-11D0-8D11-00A0C91BC942}") = "glfrac", "glfrac\glfrac.vcproj", "{3FFCCA9E-31C2-4FAB-A642-C7CB83A12178}"
EndProject
Project("{8BC9CEB8-8B4A-11D0-8D11-00A0C91BC942}") = "glprim", "glprim\glprim.vcproj", "{D22D1363-CA70-4CEB-A993-B794363249B6}"
EndProject
Global
	GlobalSection(SolutionConfigurationPlatforms) = preSolution
		Debug|Win32 = Debug|Win32
		Release|Win32 = Release|Win32
	EndGlobalSection
	GlobalSection(ProjectConfigurationPlatforms) = postSolution
		{ADB33AF1-6026-4C20-BE16-7AF54F7B998F}.Debug|Win32.ActiveCfg = Debug|Win32
		{ADB33AF1-6026-4C20-BE16-7AF54F7B998F}.Debug|Win32.Build.0 = Debug|Win32
		{ADB33AF1-6026-4C20-BE16-7AF54F7B998F}.Release|Win32.ActiveCfg = Release|Win32
		{ADB33AF1-6026-4C20-BE16-7AF54F7B998F}.Release|Win32.Build.0 = Release|Win32
		{AFE92276-A736-4ECA-BCB4-36988689CF5E}.Debug|Win32.ActiveCfg = Debug|Win32
		{AFE92276-A736-4ECA-BCB4-36988689CF5E}.Debug|Win32.Build.0 = Debug|Win32
		{AFE92276-A736-4ECA-BCB4-36988689CF5E}.Release|Win32.ActiveCfg = Release|Win32
		{AFE92276-A736-4ECA-BCB4-36988689CF5E}.Release|Win32.Build.0 = Release|Win32
		{A7DA75F4-8A91-4ED1-976F-BE0FBEC764B7}.Debug|Win32.ActiveCfg = Debug|Win32
		{A7DA75F4-8A91-4ED1-976F-BE0FBEC764B7}.Debug|Win32.Build.0 = Debug|Win32
		{A7DA75F4-8A91-4ED1-976F-BE0FBEC764B7}.Release|Win32.ActiveCfg = Release|Win32
		{A7DA75F4-8A91-4ED1-976F-BE0FBEC764B7}.Release|Win32.Build.0 = Release|Win32
		{297A4E7D-58E8-4557-91AB-0E888B6CBC1A}.Debug|Win32.ActiveCfg = Debug|Win32
		{297A4E7D-58E8-4557-91AB-0E888B6CBC1A}.Debug|Win32.Build.0 = Debug|Win32
		{297A4E7D-58E8-4557-91AB-0E888B6CBC1A}.Release|Win32.ActiveCfg = Release|Win32
		{297A4E7D-58E8-4557-91AB-0E888B6CBC1A}.Release|Win32.Build.0 = Release|Win32
		{3AE72B11-ED29-4282-BE17-591C51ADBD0F}.Debug|Win32.ActiveCfg = Debug|Win32
		{3AE72B11-ED29-4282-BE17-591C51ADBD0F}.Debug|Win32.Build.0 = Debug|Win32
		{3AE72B11-ED29-4282-BE17-591C51ADBD0F}.Release|Win32.ActiveCfg = Release|Win32
		{3AE72B11-ED29-4282-BE17-591C51ADBD0F}.Release|Win32.Build.0 = Release|Win32
		{71B2BA10-4577-470B-8073-EF7AB334A6B5}.Debug|Win32.ActiveCfg = Debug|Win32
		{71B2BA10-4577-470B-8073-EF7AB334A6B5}.Debug|Win32.Build.0 = Debug|Win32
		{71B2BA10-4577-470B-8073-EF7AB334A6B5}.Release|Win32.ActiveCfg = Release|Win32
		{71B2BA10-4577-470B-8073-EF7AB334A6B5}.Release|Win32.Build.0 = Release|Win32
		{682D1FF7-4F5B-4C8D-B768-BAF3C2D7FE42}.Debug|Win32.ActiveCfg = Debug|Win32
		{682D1FF7-4F5B-4C8D-B768-BAF3C2D7FE42}.Debug|Win32.Build.0 = Debug|Win32
		{682D1FF7-4F5B-4C8D-B768-BAF3C2D7FE42}.Release|Win32.ActiveCfg = Release|Win32
		{682D1FF7-4F5B-4C8D-B768-BAF3C2D7FE42}.Release|Win32.Build.0 = Release|Win32
		{84204F51-40E5-42E4-BEAD-2B4841600B9A}.Debug|Win32.ActiveCfg = Debug|Win32
		{84204F51-40E5-42E4-BEAD-2B4841600B9A}.Debug|Win32.Build.0 = Debug|Win32
		{84204F51-40E5-42E4-BEAD-2B4841600B9A}.Release|Win32.ActiveCfg = Release|Win32
		{84204F51-40E5-42E4-BEAD-2B4841600B9A}.Release|Win32.Build.0 = Release|Win32
		{4EE4DA86-AC41-4E69-A7FB-E878F7EAE202}.Debug|Win32.ActiveCfg = Debug|Win32
		{4EE4DA86-AC41-4E69-A7FB-E878F7EAE202}.Debug|Win32.Build.0 = Debug|Win32
		{4EE4DA86-AC41-4E69-A7FB-E878F7EAE202}.Release|Win32.ActiveCfg = Release|Win32
		{4EE4DA86-AC41-4E69-A7FB-E878F7EAE202}.Release|Win32.Build.0 = Release|Win32
		{3FFCCA9E-31C2-4FAB-A642-C7CB83A12178}.Debug|Win32.ActiveCfg = Debug|Win32
		{3FFCCA9E-31C2-4FAB-A642-C7CB83A12178}.Debug|Win32.Build.0 = Debug|Win32
		{3FFCCA9E-31C2-4FAB-A642-C7CB83A12178}.Release|Win32.ActiveCfg = Release|Win32
		{3FFCCA9E-31C2-4FAB-A642-C7CB83A12178}.Release|Win32.Build.0 = Release|Win32
		{D22D1363-CA70-4CEB-A993-B794363249B6}.Debug|Win32.ActiveCfg = Debug|Win32
		{D22D1363-CA70-4CEB-A993-B794363249B6}.Debug|Win32.Build.0 = Debug|Win32
		{D22D1363-CA70-4CEB-A993-B794363249B6}.Release|Win32.ActiveCfg = Release|Win32
		{D22D1363-CA70-4CEB-A993-B794363249B6}.Release|Win32.Build.0 = Release|Win32
	EndGlobalSection
	GlobalSection(SolutionProperties) = preSolution
		HideSolutionNode = FALSE
	EndGlobalSection
EndGlobal
