Microsoft Visual Studio Solution File, Format Version 9.00
# Visual Studio 2005
Project("{8BC9CEB8-8B4A-11D0-8D11-00A0C91BC942}") = "WKUtils", "WKUtils\WKUtils.vcproj", "{F581BDC3-129F-4D14-AB5B-7BB7B2E32CC3}"
EndProject
Project("{8BC9CEB8-8B4A-11D0-8D11-00A0C91BC942}") = "WP_AltTabR", "WP_AltTabR\WP_AltTabR.vcproj", "{CB6AE8E4-5398-4086-94FB-D4CB45D979FC}"
EndProject
Project("{8BC9CEB8-8B4A-11D0-8D11-00A0C91BC942}") = "WP_AverTVRem", "WP_WinLIRC\WP_AverTVRem.vcproj", "{0042DD3E-C8F2-47C9-9DB6-13282128894E}"
EndProject
Project("{8BC9CEB8-8B4A-11D0-8D11-00A0C91BC942}") = "WP_CCbyESC", "WP_CCbyESC\WP_CCbyESC.vcproj", "{2E635565-D30B-4C22-BF1A-3D5FC121C385}"
EndProject
Project("{8BC9CEB8-8B4A-11D0-8D11-00A0C91BC942}") = "WP_Enabler", "WP_Enabler\WP_Enabler.vcproj", "{8B9B0960-9124-4E2E-B41E-550CF2DC1D4F}"
EndProject
Project("{8BC9CEB8-8B4A-11D0-8D11-00A0C91BC942}") = "WP_IconsFont", "WP_IconsFont\WP_IconsFont.vcproj", "{34CCD0B3-2E7F-4A9D-B4C2-795207105919}"
EndProject
Project("{8BC9CEB8-8B4A-11D0-8D11-00A0C91BC942}") = "WP_InstaScroll", "WP_InstaScroll\WP_InstaScroll.vcproj", "{83642EF9-AF95-42EE-B076-2F36DB21AC82}"
EndProject
Project("{8BC9CEB8-8B4A-11D0-8D11-00A0C91BC942}") = "WP_InstaScrollHook", "WP_InstaScroll\WP_InstaScrollHook\WP_InstaScrollHook.vcproj", "{1FA90597-3B23-4174-B49F-90FDCD2F267F}"
EndProject
Project("{8BC9CEB8-8B4A-11D0-8D11-00A0C91BC942}") = "WP_KeyLogger", "WP_KeyLogger\WP_KeyLogger.vcproj", "{A3AA3034-060E-46E2-AA76-4DA535A46F4E}"
EndProject
Project("{8BC9CEB8-8B4A-11D0-8D11-00A0C91BC942}") = "WP_KeyLoggerHook", "WP_KeyLogger\WP_KeyLoggerHook\WP_KeyLoggerHook.vcproj", "{FF35B64A-020A-4FD4-9B50-10688B857B9B}"
EndProject
Project("{8BC9CEB8-8B4A-11D0-8D11-00A0C91BC942}") = "WP_KeyMaster", "WP_KeyMaster\WP_KeyMaster.vcproj", "{A5232A99-46C1-4B5F-AF27-BA9AA2C551E9}"
	ProjectSection(ProjectDependencies) = postProject
		{72A8408C-F976-4AE5-A55D-471682FBA5EF} = {72A8408C-F976-4AE5-A55D-471682FBA5EF}
	EndProjectSection
EndProject
Project("{8BC9CEB8-8B4A-11D0-8D11-00A0C91BC942}") = "WP_KeyMasterHook", "WP_KeyMaster\WP_KeyMasterHook\WP_KeyMasterHook.vcproj", "{72A8408C-F976-4AE5-A55D-471682FBA5EF}"
EndProject
Project("{8BC9CEB8-8B4A-11D0-8D11-00A0C91BC942}") = "WP_MGestures", "WP_MGestures\WP_MGestures.vcproj", "{15D1B9C5-7C23-48A2-9862-2E6108B62110}"
EndProject
Project("{8BC9CEB8-8B4A-11D0-8D11-00A0C91BC942}") = "WP_MacroRec", "WP_MacroRec\WP_MacroRec.vcproj", "{803AF34D-B2D1-4ED9-9270-F5F1501B22DA}"
EndProject
Project("{8BC9CEB8-8B4A-11D0-8D11-00A0C91BC942}") = "WP_MegaMouse", "WP_MegaMouse\WP_MegaMouse.vcproj", "{B1A0FC08-F08A-4AB0-A8FD-D2885D73EF99}"
EndProject
Project("{8BC9CEB8-8B4A-11D0-8D11-00A0C91BC942}") = "WP_OpenWithExt", "WP_OpenWithExt\OpenWithExt.vcproj", "{15513DE0-DC2F-407E-812A-DF50625CA8D3}"
EndProject
Project("{8BC9CEB8-8B4A-11D0-8D11-00A0C91BC942}") = "WP_RClickcp", "WP_RClickCP\WP_RClickcp.vcproj", "{784C9894-714E-49E4-AADC-A507457C2347}"
EndProject
Project("{8BC9CEB8-8B4A-11D0-8D11-00A0C91BC942}") = "WP_Schedule", "WP_Schedule\WP_Schedule.vcproj", "{B3464C0F-1C56-4781-8DDE-B7D4C7261DBB}"
EndProject
Project("{8BC9CEB8-8B4A-11D0-8D11-00A0C91BC942}") = "WP_SizeWnd", "WP_SizeWnd\WP_SizeWnd.vcproj", "{5D162DC7-6992-4CF1-9386-6D880D612B27}"
EndProject
Project("{8BC9CEB8-8B4A-11D0-8D11-00A0C91BC942}") = "WP_SoundCtrl", "WP_SoundCtrl\WP_SoundCtrl.vcproj", "{DB9E7342-D7F2-42F6-8C06-FE0C366D9A08}"
EndProject
Project("{8BC9CEB8-8B4A-11D0-8D11-00A0C91BC942}") = "WP_SpellCheck", "WP_SpellCheck\WP_SpellCheck.vcproj", "{74C7EBFB-34E7-43E5-A3C8-50A3ED050726}"
EndProject
Project("{8BC9CEB8-8B4A-11D0-8D11-00A0C91BC942}") = "WP_TextScr", "WP_TextScr\WP_TextScr.vcproj", "{737E8E94-6FA1-42B0-B97D-1CC8B0A771C5}"
EndProject
Project("{8BC9CEB8-8B4A-11D0-8D11-00A0C91BC942}") = "WP_TimeSync", "WP_TimeSync\WP_TimeSync.vcproj", "{111BB998-B3A9-4F05-B732-58A4F20CA24F}"
EndProject
Project("{8BC9CEB8-8B4A-11D0-8D11-00A0C91BC942}") = "WP_TypeStats", "WP_TypeStats\WP_TypeStats.vcproj", "{D5141588-3C54-48FD-9330-78AFA1B05A86}"
EndProject
Project("{8BC9CEB8-8B4A-11D0-8D11-00A0C91BC942}") = "WP_UselessStart", "WP_UselessStart\WP_UselessStart.vcproj", "{D89238B7-559F-412C-BFDA-B3CC99D925CE}"
EndProject
Project("{8BC9CEB8-8B4A-11D0-8D11-00A0C91BC942}") = "WP_WTraits", "WP_WTraits\WP_WTraits.vcproj", "{54DF44B3-01D3-4D10-915E-94352766F4F7}"
EndProject
Project("{8BC9CEB8-8B4A-11D0-8D11-00A0C91BC942}") = "WP_WinPuncher", "WP_WinPuncher\WP_WinPuncher.vcproj", "{8AE63D29-51CB-4018-A928-D396F8E2A6E8}"
EndProject
Project("{8BC9CEB8-8B4A-11D0-8D11-00A0C91BC942}") = "WP_asLINUX", "WP_asLINUX\WP_asLINUX.vcproj", "{6BFB1AEB-E6DD-4A67-BD08-3D0D23DE11D4}"
EndProject
Project("{8BC9CEB8-8B4A-11D0-8D11-00A0C91BC942}") = "WP_asLINUXHook", "WP_asLINUX\WP_asLINUXHook\WP_asLINUXHook.vcproj", "{459EA0AE-57EE-46F3-A2DD-160B2FF62FF0}"
EndProject
Project("{8BC9CEB8-8B4A-11D0-8D11-00A0C91BC942}") = "WireKeys", "WireKeys.vcproj", "{3E3C8188-8EC9-435F-96D9-065B07D5EEB4}"
	ProjectSection(ProjectDependencies) = postProject
		{B1A0FC08-F08A-4AB0-A8FD-D2885D73EF99} = {B1A0FC08-F08A-4AB0-A8FD-D2885D73EF99}
		{B3464C0F-1C56-4781-8DDE-B7D4C7261DBB} = {B3464C0F-1C56-4781-8DDE-B7D4C7261DBB}
		{8AE63D29-51CB-4018-A928-D396F8E2A6E8} = {8AE63D29-51CB-4018-A928-D396F8E2A6E8}
		{A3AA3034-060E-46E2-AA76-4DA535A46F4E} = {A3AA3034-060E-46E2-AA76-4DA535A46F4E}
		{0042DD3E-C8F2-47C9-9DB6-13282128894E} = {0042DD3E-C8F2-47C9-9DB6-13282128894E}
		{DB9E7342-D7F2-42F6-8C06-FE0C366D9A08} = {DB9E7342-D7F2-42F6-8C06-FE0C366D9A08}
		{FF35B64A-020A-4FD4-9B50-10688B857B9B} = {FF35B64A-020A-4FD4-9B50-10688B857B9B}
		{803AF34D-B2D1-4ED9-9270-F5F1501B22DA} = {803AF34D-B2D1-4ED9-9270-F5F1501B22DA}
		{131E424E-E4C0-4BE1-87E1-C3C6D8FE58AF} = {131E424E-E4C0-4BE1-87E1-C3C6D8FE58AF}
		{8B9B0960-9124-4E2E-B41E-550CF2DC1D4F} = {8B9B0960-9124-4E2E-B41E-550CF2DC1D4F}
		{2E635565-D30B-4C22-BF1A-3D5FC121C385} = {2E635565-D30B-4C22-BF1A-3D5FC121C385}
		{EAEA1B72-17F9-4419-94AC-3B8F8622D402} = {EAEA1B72-17F9-4419-94AC-3B8F8622D402}
		{D5141588-3C54-48FD-9330-78AFA1B05A86} = {D5141588-3C54-48FD-9330-78AFA1B05A86}
		{72A8408C-F976-4AE5-A55D-471682FBA5EF} = {72A8408C-F976-4AE5-A55D-471682FBA5EF}
		{737E8E94-6FA1-42B0-B97D-1CC8B0A771C5} = {737E8E94-6FA1-42B0-B97D-1CC8B0A771C5}
		{784C9894-714E-49E4-AADC-A507457C2347} = {784C9894-714E-49E4-AADC-A507457C2347}
		{1FA90597-3B23-4174-B49F-90FDCD2F267F} = {1FA90597-3B23-4174-B49F-90FDCD2F267F}
		{111BB998-B3A9-4F05-B732-58A4F20CA24F} = {111BB998-B3A9-4F05-B732-58A4F20CA24F}
		{A5232A99-46C1-4B5F-AF27-BA9AA2C551E9} = {A5232A99-46C1-4B5F-AF27-BA9AA2C551E9}
		{459EA0AE-57EE-46F3-A2DD-160B2FF62FF0} = {459EA0AE-57EE-46F3-A2DD-160B2FF62FF0}
		{54DF44B3-01D3-4D10-915E-94352766F4F7} = {54DF44B3-01D3-4D10-915E-94352766F4F7}
		{34CCD0B3-2E7F-4A9D-B4C2-795207105919} = {34CCD0B3-2E7F-4A9D-B4C2-795207105919}
		{D89238B7-559F-412C-BFDA-B3CC99D925CE} = {D89238B7-559F-412C-BFDA-B3CC99D925CE}
		{F581BDC3-129F-4D14-AB5B-7BB7B2E32CC3} = {F581BDC3-129F-4D14-AB5B-7BB7B2E32CC3}
		{15D1B9C5-7C23-48A2-9862-2E6108B62110} = {15D1B9C5-7C23-48A2-9862-2E6108B62110}
		{5D162DC7-6992-4CF1-9386-6D880D612B27} = {5D162DC7-6992-4CF1-9386-6D880D612B27}
		{15513DE0-DC2F-407E-812A-DF50625CA8D3} = {15513DE0-DC2F-407E-812A-DF50625CA8D3}
		{CB6AE8E4-5398-4086-94FB-D4CB45D979FC} = {CB6AE8E4-5398-4086-94FB-D4CB45D979FC}
		{6BFB1AEB-E6DD-4A67-BD08-3D0D23DE11D4} = {6BFB1AEB-E6DD-4A67-BD08-3D0D23DE11D4}
		{83642EF9-AF95-42EE-B076-2F36DB21AC82} = {83642EF9-AF95-42EE-B076-2F36DB21AC82}
		{74C7EBFB-34E7-43E5-A3C8-50A3ED050726} = {74C7EBFB-34E7-43E5-A3C8-50A3ED050726}
	EndProjectSection
EndProject
Project("{8BC9CEB8-8B4A-11D0-8D11-00A0C91BC942}") = "WKUtils2", "WKUtils2\WKUtils2.vcproj", "{EAEA1B72-17F9-4419-94AC-3B8F8622D402}"
EndProject
Project("{8BC9CEB8-8B4A-11D0-8D11-00A0C91BC942}") = "WP_NotesMdl", "WP_Notes\WP_NotesMdl.vcproj", "{131E424E-E4C0-4BE1-87E1-C3C6D8FE58AF}"
EndProject
Global
	GlobalSection(SolutionConfigurationPlatforms) = preSolution
		Debug|Win32 = Debug|Win32
		Release|Win32 = Release|Win32
	EndGlobalSection
	GlobalSection(ProjectConfigurationPlatforms) = postSolution
		{F581BDC3-129F-4D14-AB5B-7BB7B2E32CC3}.Debug|Win32.ActiveCfg = Debug|Win32
		{F581BDC3-129F-4D14-AB5B-7BB7B2E32CC3}.Debug|Win32.Build.0 = Debug|Win32
		{F581BDC3-129F-4D14-AB5B-7BB7B2E32CC3}.Release|Win32.ActiveCfg = Release|Win32
		{F581BDC3-129F-4D14-AB5B-7BB7B2E32CC3}.Release|Win32.Build.0 = Release|Win32
		{CB6AE8E4-5398-4086-94FB-D4CB45D979FC}.Debug|Win32.ActiveCfg = Debug|Win32
		{CB6AE8E4-5398-4086-94FB-D4CB45D979FC}.Debug|Win32.Build.0 = Debug|Win32
		{CB6AE8E4-5398-4086-94FB-D4CB45D979FC}.Release|Win32.ActiveCfg = Release|Win32
		{CB6AE8E4-5398-4086-94FB-D4CB45D979FC}.Release|Win32.Build.0 = Release|Win32
		{0042DD3E-C8F2-47C9-9DB6-13282128894E}.Debug|Win32.ActiveCfg = Debug|Win32
		{0042DD3E-C8F2-47C9-9DB6-13282128894E}.Debug|Win32.Build.0 = Debug|Win32
		{0042DD3E-C8F2-47C9-9DB6-13282128894E}.Release|Win32.ActiveCfg = Release|Win32
		{0042DD3E-C8F2-47C9-9DB6-13282128894E}.Release|Win32.Build.0 = Release|Win32
		{2E635565-D30B-4C22-BF1A-3D5FC121C385}.Debug|Win32.ActiveCfg = Debug|Win32
		{2E635565-D30B-4C22-BF1A-3D5FC121C385}.Debug|Win32.Build.0 = Debug|Win32
		{2E635565-D30B-4C22-BF1A-3D5FC121C385}.Release|Win32.ActiveCfg = Release|Win32
		{2E635565-D30B-4C22-BF1A-3D5FC121C385}.Release|Win32.Build.0 = Release|Win32
		{8B9B0960-9124-4E2E-B41E-550CF2DC1D4F}.Debug|Win32.ActiveCfg = Debug|Win32
		{8B9B0960-9124-4E2E-B41E-550CF2DC1D4F}.Debug|Win32.Build.0 = Debug|Win32
		{8B9B0960-9124-4E2E-B41E-550CF2DC1D4F}.Release|Win32.ActiveCfg = Release|Win32
		{8B9B0960-9124-4E2E-B41E-550CF2DC1D4F}.Release|Win32.Build.0 = Release|Win32
		{34CCD0B3-2E7F-4A9D-B4C2-795207105919}.Debug|Win32.ActiveCfg = Debug|Win32
		{34CCD0B3-2E7F-4A9D-B4C2-795207105919}.Debug|Win32.Build.0 = Debug|Win32
		{34CCD0B3-2E7F-4A9D-B4C2-795207105919}.Release|Win32.ActiveCfg = Release|Win32
		{34CCD0B3-2E7F-4A9D-B4C2-795207105919}.Release|Win32.Build.0 = Release|Win32
		{83642EF9-AF95-42EE-B076-2F36DB21AC82}.Debug|Win32.ActiveCfg = Debug|Win32
		{83642EF9-AF95-42EE-B076-2F36DB21AC82}.Debug|Win32.Build.0 = Debug|Win32
		{83642EF9-AF95-42EE-B076-2F36DB21AC82}.Release|Win32.ActiveCfg = Release|Win32
		{83642EF9-AF95-42EE-B076-2F36DB21AC82}.Release|Win32.Build.0 = Release|Win32
		{1FA90597-3B23-4174-B49F-90FDCD2F267F}.Debug|Win32.ActiveCfg = Debug|Win32
		{1FA90597-3B23-4174-B49F-90FDCD2F267F}.Debug|Win32.Build.0 = Debug|Win32
		{1FA90597-3B23-4174-B49F-90FDCD2F267F}.Release|Win32.ActiveCfg = Release|Win32
		{1FA90597-3B23-4174-B49F-90FDCD2F267F}.Release|Win32.Build.0 = Release|Win32
		{A3AA3034-060E-46E2-AA76-4DA535A46F4E}.Debug|Win32.ActiveCfg = Debug|Win32
		{A3AA3034-060E-46E2-AA76-4DA535A46F4E}.Debug|Win32.Build.0 = Debug|Win32
		{A3AA3034-060E-46E2-AA76-4DA535A46F4E}.Release|Win32.ActiveCfg = Release|Win32
		{A3AA3034-060E-46E2-AA76-4DA535A46F4E}.Release|Win32.Build.0 = Release|Win32
		{FF35B64A-020A-4FD4-9B50-10688B857B9B}.Debug|Win32.ActiveCfg = Debug|Win32
		{FF35B64A-020A-4FD4-9B50-10688B857B9B}.Debug|Win32.Build.0 = Debug|Win32
		{FF35B64A-020A-4FD4-9B50-10688B857B9B}.Release|Win32.ActiveCfg = Release|Win32
		{FF35B64A-020A-4FD4-9B50-10688B857B9B}.Release|Win32.Build.0 = Release|Win32
		{A5232A99-46C1-4B5F-AF27-BA9AA2C551E9}.Debug|Win32.ActiveCfg = Debug|Win32
		{A5232A99-46C1-4B5F-AF27-BA9AA2C551E9}.Debug|Win32.Build.0 = Debug|Win32
		{A5232A99-46C1-4B5F-AF27-BA9AA2C551E9}.Release|Win32.ActiveCfg = Release|Win32
		{A5232A99-46C1-4B5F-AF27-BA9AA2C551E9}.Release|Win32.Build.0 = Release|Win32
		{72A8408C-F976-4AE5-A55D-471682FBA5EF}.Debug|Win32.ActiveCfg = Debug|Win32
		{72A8408C-F976-4AE5-A55D-471682FBA5EF}.Debug|Win32.Build.0 = Debug|Win32
		{72A8408C-F976-4AE5-A55D-471682FBA5EF}.Release|Win32.ActiveCfg = Release|Win32
		{72A8408C-F976-4AE5-A55D-471682FBA5EF}.Release|Win32.Build.0 = Release|Win32
		{15D1B9C5-7C23-48A2-9862-2E6108B62110}.Debug|Win32.ActiveCfg = Debug|Win32
		{15D1B9C5-7C23-48A2-9862-2E6108B62110}.Debug|Win32.Build.0 = Debug|Win32
		{15D1B9C5-7C23-48A2-9862-2E6108B62110}.Release|Win32.ActiveCfg = Release|Win32
		{15D1B9C5-7C23-48A2-9862-2E6108B62110}.Release|Win32.Build.0 = Release|Win32
		{803AF34D-B2D1-4ED9-9270-F5F1501B22DA}.Debug|Win32.ActiveCfg = Debug|Win32
		{803AF34D-B2D1-4ED9-9270-F5F1501B22DA}.Debug|Win32.Build.0 = Debug|Win32
		{803AF34D-B2D1-4ED9-9270-F5F1501B22DA}.Release|Win32.ActiveCfg = Release|Win32
		{803AF34D-B2D1-4ED9-9270-F5F1501B22DA}.Release|Win32.Build.0 = Release|Win32
		{B1A0FC08-F08A-4AB0-A8FD-D2885D73EF99}.Debug|Win32.ActiveCfg = Debug|Win32
		{B1A0FC08-F08A-4AB0-A8FD-D2885D73EF99}.Debug|Win32.Build.0 = Debug|Win32
		{B1A0FC08-F08A-4AB0-A8FD-D2885D73EF99}.Release|Win32.ActiveCfg = Release|Win32
		{B1A0FC08-F08A-4AB0-A8FD-D2885D73EF99}.Release|Win32.Build.0 = Release|Win32
		{15513DE0-DC2F-407E-812A-DF50625CA8D3}.Debug|Win32.ActiveCfg = Debug|Win32
		{15513DE0-DC2F-407E-812A-DF50625CA8D3}.Debug|Win32.Build.0 = Debug|Win32
		{15513DE0-DC2F-407E-812A-DF50625CA8D3}.Release|Win32.ActiveCfg = Release|Win32
		{15513DE0-DC2F-407E-812A-DF50625CA8D3}.Release|Win32.Build.0 = Release|Win32
		{784C9894-714E-49E4-AADC-A507457C2347}.Debug|Win32.ActiveCfg = Debug|Win32
		{784C9894-714E-49E4-AADC-A507457C2347}.Debug|Win32.Build.0 = Debug|Win32
		{784C9894-714E-49E4-AADC-A507457C2347}.Release|Win32.ActiveCfg = Release|Win32
		{784C9894-714E-49E4-AADC-A507457C2347}.Release|Win32.Build.0 = Release|Win32
		{B3464C0F-1C56-4781-8DDE-B7D4C7261DBB}.Debug|Win32.ActiveCfg = Debug|Win32
		{B3464C0F-1C56-4781-8DDE-B7D4C7261DBB}.Debug|Win32.Build.0 = Debug|Win32
		{B3464C0F-1C56-4781-8DDE-B7D4C7261DBB}.Release|Win32.ActiveCfg = Release|Win32
		{B3464C0F-1C56-4781-8DDE-B7D4C7261DBB}.Release|Win32.Build.0 = Release|Win32
		{5D162DC7-6992-4CF1-9386-6D880D612B27}.Debug|Win32.ActiveCfg = Debug|Win32
		{5D162DC7-6992-4CF1-9386-6D880D612B27}.Debug|Win32.Build.0 = Debug|Win32
		{5D162DC7-6992-4CF1-9386-6D880D612B27}.Release|Win32.ActiveCfg = Release|Win32
		{5D162DC7-6992-4CF1-9386-6D880D612B27}.Release|Win32.Build.0 = Release|Win32
		{DB9E7342-D7F2-42F6-8C06-FE0C366D9A08}.Debug|Win32.ActiveCfg = Debug|Win32
		{DB9E7342-D7F2-42F6-8C06-FE0C366D9A08}.Debug|Win32.Build.0 = Debug|Win32
		{DB9E7342-D7F2-42F6-8C06-FE0C366D9A08}.Release|Win32.ActiveCfg = Release|Win32
		{DB9E7342-D7F2-42F6-8C06-FE0C366D9A08}.Release|Win32.Build.0 = Release|Win32
		{74C7EBFB-34E7-43E5-A3C8-50A3ED050726}.Debug|Win32.ActiveCfg = Debug|Win32
		{74C7EBFB-34E7-43E5-A3C8-50A3ED050726}.Debug|Win32.Build.0 = Debug|Win32
		{74C7EBFB-34E7-43E5-A3C8-50A3ED050726}.Release|Win32.ActiveCfg = Release|Win32
		{74C7EBFB-34E7-43E5-A3C8-50A3ED050726}.Release|Win32.Build.0 = Release|Win32
		{737E8E94-6FA1-42B0-B97D-1CC8B0A771C5}.Debug|Win32.ActiveCfg = Debug|Win32
		{737E8E94-6FA1-42B0-B97D-1CC8B0A771C5}.Debug|Win32.Build.0 = Debug|Win32
		{737E8E94-6FA1-42B0-B97D-1CC8B0A771C5}.Release|Win32.ActiveCfg = Release|Win32
		{737E8E94-6FA1-42B0-B97D-1CC8B0A771C5}.Release|Win32.Build.0 = Release|Win32
		{111BB998-B3A9-4F05-B732-58A4F20CA24F}.Debug|Win32.ActiveCfg = Debug|Win32
		{111BB998-B3A9-4F05-B732-58A4F20CA24F}.Debug|Win32.Build.0 = Debug|Win32
		{111BB998-B3A9-4F05-B732-58A4F20CA24F}.Release|Win32.ActiveCfg = Release|Win32
		{111BB998-B3A9-4F05-B732-58A4F20CA24F}.Release|Win32.Build.0 = Release|Win32
		{D5141588-3C54-48FD-9330-78AFA1B05A86}.Debug|Win32.ActiveCfg = Debug|Win32
		{D5141588-3C54-48FD-9330-78AFA1B05A86}.Debug|Win32.Build.0 = Debug|Win32
		{D5141588-3C54-48FD-9330-78AFA1B05A86}.Release|Win32.ActiveCfg = Release|Win32
		{D5141588-3C54-48FD-9330-78AFA1B05A86}.Release|Win32.Build.0 = Release|Win32
		{D89238B7-559F-412C-BFDA-B3CC99D925CE}.Debug|Win32.ActiveCfg = Debug|Win32
		{D89238B7-559F-412C-BFDA-B3CC99D925CE}.Debug|Win32.Build.0 = Debug|Win32
		{D89238B7-559F-412C-BFDA-B3CC99D925CE}.Release|Win32.ActiveCfg = Release|Win32
		{D89238B7-559F-412C-BFDA-B3CC99D925CE}.Release|Win32.Build.0 = Release|Win32
		{54DF44B3-01D3-4D10-915E-94352766F4F7}.Debug|Win32.ActiveCfg = Debug|Win32
		{54DF44B3-01D3-4D10-915E-94352766F4F7}.Debug|Win32.Build.0 = Debug|Win32
		{54DF44B3-01D3-4D10-915E-94352766F4F7}.Release|Win32.ActiveCfg = Release|Win32
		{54DF44B3-01D3-4D10-915E-94352766F4F7}.Release|Win32.Build.0 = Release|Win32
		{8AE63D29-51CB-4018-A928-D396F8E2A6E8}.Debug|Win32.ActiveCfg = Debug|Win32
		{8AE63D29-51CB-4018-A928-D396F8E2A6E8}.Debug|Win32.Build.0 = Debug|Win32
		{8AE63D29-51CB-4018-A928-D396F8E2A6E8}.Release|Win32.ActiveCfg = Release|Win32
		{8AE63D29-51CB-4018-A928-D396F8E2A6E8}.Release|Win32.Build.0 = Release|Win32
		{6BFB1AEB-E6DD-4A67-BD08-3D0D23DE11D4}.Debug|Win32.ActiveCfg = Debug|Win32
		{6BFB1AEB-E6DD-4A67-BD08-3D0D23DE11D4}.Debug|Win32.Build.0 = Debug|Win32
		{6BFB1AEB-E6DD-4A67-BD08-3D0D23DE11D4}.Release|Win32.ActiveCfg = Release|Win32
		{6BFB1AEB-E6DD-4A67-BD08-3D0D23DE11D4}.Release|Win32.Build.0 = Release|Win32
		{459EA0AE-57EE-46F3-A2DD-160B2FF62FF0}.Debug|Win32.ActiveCfg = Debug|Win32
		{459EA0AE-57EE-46F3-A2DD-160B2FF62FF0}.Debug|Win32.Build.0 = Debug|Win32
		{459EA0AE-57EE-46F3-A2DD-160B2FF62FF0}.Release|Win32.ActiveCfg = Release|Win32
		{459EA0AE-57EE-46F3-A2DD-160B2FF62FF0}.Release|Win32.Build.0 = Release|Win32
		{3E3C8188-8EC9-435F-96D9-065B07D5EEB4}.Debug|Win32.ActiveCfg = Debug|Win32
		{3E3C8188-8EC9-435F-96D9-065B07D5EEB4}.Debug|Win32.Build.0 = Debug|Win32
		{3E3C8188-8EC9-435F-96D9-065B07D5EEB4}.Release|Win32.ActiveCfg = Release|Win32
		{3E3C8188-8EC9-435F-96D9-065B07D5EEB4}.Release|Win32.Build.0 = Release|Win32
		{EAEA1B72-17F9-4419-94AC-3B8F8622D402}.Debug|Win32.ActiveCfg = Debug|Win32
		{EAEA1B72-17F9-4419-94AC-3B8F8622D402}.Debug|Win32.Build.0 = Debug|Win32
		{EAEA1B72-17F9-4419-94AC-3B8F8622D402}.Release|Win32.ActiveCfg = Release|Win32
		{EAEA1B72-17F9-4419-94AC-3B8F8622D402}.Release|Win32.Build.0 = Release|Win32
		{131E424E-E4C0-4BE1-87E1-C3C6D8FE58AF}.Debug|Win32.ActiveCfg = Debug|Win32
		{131E424E-E4C0-4BE1-87E1-C3C6D8FE58AF}.Debug|Win32.Build.0 = Debug|Win32
		{131E424E-E4C0-4BE1-87E1-C3C6D8FE58AF}.Release|Win32.ActiveCfg = Release|Win32
		{131E424E-E4C0-4BE1-87E1-C3C6D8FE58AF}.Release|Win32.Build.0 = Release|Win32
	EndGlobalSection
	GlobalSection(SolutionProperties) = preSolution
		HideSolutionNode = FALSE
	EndGlobalSection
EndGlobal
